
Microsoft Visual Studio Solution File, Format Version 12.00
# Visual Studio Version 17
VisualStudioVersion = 17.8.34511.84
MinimumVisualStudioVersion = 10.0.40219.1
Project("{9A19103F-16F7-4668-BE54-9A1E7A4F7556}") = "DataLayer", "DataLayer\DataLayer.csproj", "{34AD8CA8-296A-4B74-B048-834E8C9047EA}"
EndProject
Project("{9A19103F-16F7-4668-BE54-9A1E7A4F7556}") = "ServiceLayer", "ServiceLayer\ServiceLayer.csproj", "{88C1B60C-4F07-4312-814E-4D8F312B0E6F}"
EndProject
Project("{9A19103F-16F7-4668-BE54-9A1E7A4F7556}") = "SavourOdessa", "SavourOdessa\SavourOdessa.csproj", "{588F09DA-39FE-43C5-AC2E-EE3A833621C2}"
EndProject
Global
	GlobalSection(SolutionConfigurationPlatforms) = preSolution
		Debug|Any CPU = Debug|Any CPU
		Release|Any CPU = Release|Any CPU
	EndGlobalSection
	GlobalSection(ProjectConfigurationPlatforms) = postSolution
		{34AD8CA8-296A-4B74-B048-834E8C9047EA}.Debug|Any CPU.ActiveCfg = Debug|Any CPU
		{34AD8CA8-296A-4B74-B048-834E8C9047EA}.Debug|Any CPU.Build.0 = Debug|Any CPU
		{34AD8CA8-296A-4B74-B048-834E8C9047EA}.Release|Any CPU.ActiveCfg = Release|Any CPU
		{34AD8CA8-296A-4B74-B048-834E8C9047EA}.Release|Any CPU.Build.0 = Release|Any CPU
		{88C1B60C-4F07-4312-814E-4D8F312B0E6F}.Debug|Any CPU.ActiveCfg = Debug|Any CPU
		{88C1B60C-4F07-4312-814E-4D8F312B0E6F}.Debug|Any CPU.Build.0 = Debug|Any CPU
		{88C1B60C-4F07-4312-814E-4D8F312B0E6F}.Release|Any CPU.ActiveCfg = Release|Any CPU
		{88C1B60C-4F07-4312-814E-4D8F312B0E6F}.Release|Any CPU.Build.0 = Release|Any CPU
		{588F09DA-39FE-43C5-AC2E-EE3A833621C2}.Debug|Any CPU.ActiveCfg = Debug|Any CPU
		{588F09DA-39FE-43C5-AC2E-EE3A833621C2}.Debug|Any CPU.Build.0 = Debug|Any CPU
		{588F09DA-39FE-43C5-AC2E-EE3A833621C2}.Release|Any CPU.ActiveCfg = Release|Any CPU
		{588F09DA-39FE-43C5-AC2E-EE3A833621C2}.Release|Any CPU.Build.0 = Release|Any CPU
	EndGlobalSection
	GlobalSection(SolutionProperties) = preSolution
		HideSolutionNode = FALSE
	EndGlobalSection
	GlobalSection(ExtensibilityGlobals) = postSolution
		SolutionGuid = {04311259-69FD-41CD-9067-B398FFD1F3CF}
	EndGlobalSection
EndGlobal
